
Microsoft Visual Studio Solution File, Format Version 12.00
# Visual Studio Version 17
VisualStudioVersion = 17.6.33829.357
MinimumVisualStudioVersion = 10.0.40219.1
Project("{9A19103F-16F7-4668-BE54-9A1E7A4F7556}") = "nlox", "nlox\nlox.csproj", "{E2ECAD05-E3B4-4AC7-BDBF-6A32689E160D}"
EndProject
Project("{8BC9CEB8-8B4A-11D0-8D11-00A0C91BC942}") = "clox", "clox\clox.vcxproj", "{1461BEE7-3A6C-4D9E-BD92-01529323B696}"
EndProject
Project("{FAE04EC0-301F-11D3-BF4B-00C04F79EFBC}") = "tool", "tool\tool.csproj", "{D8EA0B76-6E27-4EE2-9447-09FE5AF516BF}"
EndProject
Global
	GlobalSection(SolutionConfigurationPlatforms) = preSolution
		Debug|Any CPU = Debug|Any CPU
		Debug|x64 = Debug|x64
		Debug|x86 = Debug|x86
		Release|Any CPU = Release|Any CPU
		Release|x64 = Release|x64
		Release|x86 = Release|x86
	EndGlobalSection
	GlobalSection(ProjectConfigurationPlatforms) = postSolution
		{E2ECAD05-E3B4-4AC7-BDBF-6A32689E160D}.Debug|Any CPU.ActiveCfg = Debug|Any CPU
		{E2ECAD05-E3B4-4AC7-BDBF-6A32689E160D}.Debug|Any CPU.Build.0 = Debug|Any CPU
		{E2ECAD05-E3B4-4AC7-BDBF-6A32689E160D}.Debug|x64.ActiveCfg = Debug|Any CPU
		{E2ECAD05-E3B4-4AC7-BDBF-6A32689E160D}.Debug|x64.Build.0 = Debug|Any CPU
		{E2ECAD05-E3B4-4AC7-BDBF-6A32689E160D}.Debug|x86.ActiveCfg = Debug|Any CPU
		{E2ECAD05-E3B4-4AC7-BDBF-6A32689E160D}.Debug|x86.Build.0 = Debug|Any CPU
		{E2ECAD05-E3B4-4AC7-BDBF-6A32689E160D}.Release|Any CPU.ActiveCfg = Release|Any CPU
		{E2ECAD05-E3B4-4AC7-BDBF-6A32689E160D}.Release|Any CPU.Build.0 = Release|Any CPU
		{E2ECAD05-E3B4-4AC7-BDBF-6A32689E160D}.Release|x64.ActiveCfg = Release|Any CPU
		{E2ECAD05-E3B4-4AC7-BDBF-6A32689E160D}.Release|x64.Build.0 = Release|Any CPU
		{E2ECAD05-E3B4-4AC7-BDBF-6A32689E160D}.Release|x86.ActiveCfg = Release|Any CPU
		{E2ECAD05-E3B4-4AC7-BDBF-6A32689E160D}.Release|x86.Build.0 = Release|Any CPU
		{1461BEE7-3A6C-4D9E-BD92-01529323B696}.Debug|Any CPU.ActiveCfg = Debug|x64
		{1461BEE7-3A6C-4D9E-BD92-01529323B696}.Debug|Any CPU.Build.0 = Debug|x64
		{1461BEE7-3A6C-4D9E-BD92-01529323B696}.Debug|x64.ActiveCfg = Debug|x64
		{1461BEE7-3A6C-4D9E-BD92-01529323B696}.Debug|x64.Build.0 = Debug|x64
		{1461BEE7-3A6C-4D9E-BD92-01529323B696}.Debug|x86.ActiveCfg = Debug|Win32
		{1461BEE7-3A6C-4D9E-BD92-01529323B696}.Debug|x86.Build.0 = Debug|Win32
		{1461BEE7-3A6C-4D9E-BD92-01529323B696}.Release|Any CPU.ActiveCfg = Release|x64
		{1461BEE7-3A6C-4D9E-BD92-01529323B696}.Release|Any CPU.Build.0 = Release|x64
		{1461BEE7-3A6C-4D9E-BD92-01529323B696}.Release|x64.ActiveCfg = Release|x64
		{1461BEE7-3A6C-4D9E-BD92-01529323B696}.Release|x64.Build.0 = Release|x64
		{1461BEE7-3A6C-4D9E-BD92-01529323B696}.Release|x86.ActiveCfg = Release|Win32
		{1461BEE7-3A6C-4D9E-BD92-01529323B696}.Release|x86.Build.0 = Release|Win32
		{D8EA0B76-6E27-4EE2-9447-09FE5AF516BF}.Debug|Any CPU.ActiveCfg = Debug|Any CPU
		{D8EA0B76-6E27-4EE2-9447-09FE5AF516BF}.Debug|Any CPU.Build.0 = Debug|Any CPU
		{D8EA0B76-6E27-4EE2-9447-09FE5AF516BF}.Debug|x64.ActiveCfg = Debug|Any CPU
		{D8EA0B76-6E27-4EE2-9447-09FE5AF516BF}.Debug|x64.Build.0 = Debug|Any CPU
		{D8EA0B76-6E27-4EE2-9447-09FE5AF516BF}.Debug|x86.ActiveCfg = Debug|Any CPU
		{D8EA0B76-6E27-4EE2-9447-09FE5AF516BF}.Debug|x86.Build.0 = Debug|Any CPU
		{D8EA0B76-6E27-4EE2-9447-09FE5AF516BF}.Release|Any CPU.ActiveCfg = Release|Any CPU
		{D8EA0B76-6E27-4EE2-9447-09FE5AF516BF}.Release|Any CPU.Build.0 = Release|Any CPU
		{D8EA0B76-6E27-4EE2-9447-09FE5AF516BF}.Release|x64.ActiveCfg = Release|Any CPU
		{D8EA0B76-6E27-4EE2-9447-09FE5AF516BF}.Release|x64.Build.0 = Release|Any CPU
		{D8EA0B76-6E27-4EE2-9447-09FE5AF516BF}.Release|x86.ActiveCfg = Release|Any CPU
		{D8EA0B76-6E27-4EE2-9447-09FE5AF516BF}.Release|x86.Build.0 = Release|Any CPU
	EndGlobalSection
	GlobalSection(SolutionProperties) = preSolution
		HideSolutionNode = FALSE
	EndGlobalSection
	GlobalSection(ExtensibilityGlobals) = postSolution
		SolutionGuid = {87A6408F-0D09-409B-98CB-8F2D5D05B573}
	EndGlobalSection
EndGlobal
